
Microsoft Visual Studio Solution File, Format Version 12.00
# Visual Studio Version 16
VisualStudioVersion = 16.0.31702.278
MinimumVisualStudioVersion = 10.0.40219.1
Project("{9A19103F-16F7-4668-BE54-9A1E7A4F7556}") = "PorchSwingFarms", "PorchSwingFarms.csproj", "{97A48016-12D8-4707-843C-FE73297BFA92}"
EndProject
Global
	GlobalSection(SolutionConfigurationPlatforms) = preSolution
		Debug|Any CPU = Debug|Any CPU
		Release|Any CPU = Release|Any CPU
	EndGlobalSection
	GlobalSection(ProjectConfigurationPlatforms) = postSolution
		{97A48016-12D8-4707-843C-FE73297BFA92}.Debug|Any CPU.ActiveCfg = Debug|Any CPU
		{97A48016-12D8-4707-843C-FE73297BFA92}.Debug|Any CPU.Build.0 = Debug|Any CPU
		{97A48016-12D8-4707-843C-FE73297BFA92}.Release|Any CPU.ActiveCfg = Release|Any CPU
		{97A48016-12D8-4707-843C-FE73297BFA92}.Release|Any CPU.Build.0 = Release|Any CPU
	EndGlobalSection
	GlobalSection(SolutionProperties) = preSolution
		HideSolutionNode = FALSE
	EndGlobalSection
	GlobalSection(ExtensibilityGlobals) = postSolution
		SolutionGuid = {2979B26B-7234-4B75-9B6C-B1A376DC2B5A}
	EndGlobalSection
EndGlobal
